Microsoft Visual Studio Solution File, Format Version 12.00
# Visual Studio 2012
Project("{8BC9CEB8-8B4A-11D0-8D11-00A0C91BC942}") = "HeyBox2D_vc11", "HeyBox2D_vc11.vcxproj", "{52F04D33-EED5-4EA7-8123-B57083AB4532}"
EndProject
Global
	GlobalSection(SolutionConfigurationPlatforms) = preSolution
		GCC ARM Debug|Win32 = GCC ARM Debug|Win32
		GCC ARM Release|Win32 = GCC ARM Release|Win32
		GCC MIPS Debug|Win32 = GCC MIPS Debug|Win32
		GCC MIPS Release|Win32 = GCC MIPS Release|Win32
		GCC X86 ANDROID Debug|Win32 = GCC X86 ANDROID Debug|Win32
		GCC X86 ANDROID Release|Win32 = GCC X86 ANDROID Release|Win32
		RVCT ARM Debug|Win32 = RVCT ARM Debug|Win32
		RVCT ARM Release|Win32 = RVCT ARM Release|Win32
		x86 Debug|Win32 = x86 Debug|Win32
		x86 Release|Win32 = x86 Release|Win32
	EndGlobalSection
	GlobalSection(ProjectConfigurationPlatforms) = postSolution
		{52F04D33-EED5-4EA7-8123-B57083AB4532}.GCC ARM Debug|Win32.ActiveCfg = GCC ARM Debug|Win32
		{52F04D33-EED5-4EA7-8123-B57083AB4532}.GCC ARM Debug|Win32.Build.0 = GCC ARM Debug|Win32
		{52F04D33-EED5-4EA7-8123-B57083AB4532}.GCC ARM Release|Win32.ActiveCfg = GCC ARM Release|Win32
		{52F04D33-EED5-4EA7-8123-B57083AB4532}.GCC ARM Release|Win32.Build.0 = GCC ARM Release|Win32
		{52F04D33-EED5-4EA7-8123-B57083AB4532}.GCC MIPS Debug|Win32.ActiveCfg = GCC MIPS Debug|Win32
		{52F04D33-EED5-4EA7-8123-B57083AB4532}.GCC MIPS Debug|Win32.Build.0 = GCC MIPS Debug|Win32
		{52F04D33-EED5-4EA7-8123-B57083AB4532}.GCC MIPS Release|Win32.ActiveCfg = GCC MIPS Release|Win32
		{52F04D33-EED5-4EA7-8123-B57083AB4532}.GCC MIPS Release|Win32.Build.0 = GCC MIPS Release|Win32
		{52F04D33-EED5-4EA7-8123-B57083AB4532}.GCC X86 ANDROID Debug|Win32.ActiveCfg = GCC X86 ANDROID Debug|Win32
		{52F04D33-EED5-4EA7-8123-B57083AB4532}.GCC X86 ANDROID Debug|Win32.Build.0 = GCC X86 ANDROID Debug|Win32
		{52F04D33-EED5-4EA7-8123-B57083AB4532}.GCC X86 ANDROID Release|Win32.ActiveCfg = GCC X86 ANDROID Release|Win32
		{52F04D33-EED5-4EA7-8123-B57083AB4532}.GCC X86 ANDROID Release|Win32.Build.0 = GCC X86 ANDROID Release|Win32
		{52F04D33-EED5-4EA7-8123-B57083AB4532}.RVCT ARM Debug|Win32.ActiveCfg = RVCT ARM Debug|Win32
		{52F04D33-EED5-4EA7-8123-B57083AB4532}.RVCT ARM Debug|Win32.Build.0 = RVCT ARM Debug|Win32
		{52F04D33-EED5-4EA7-8123-B57083AB4532}.RVCT ARM Release|Win32.ActiveCfg = RVCT ARM Release|Win32
		{52F04D33-EED5-4EA7-8123-B57083AB4532}.RVCT ARM Release|Win32.Build.0 = RVCT ARM Release|Win32
		{52F04D33-EED5-4EA7-8123-B57083AB4532}.x86 Debug|Win32.ActiveCfg = x86 Debug|Win32
		{52F04D33-EED5-4EA7-8123-B57083AB4532}.x86 Debug|Win32.Build.0 = x86 Debug|Win32
		{52F04D33-EED5-4EA7-8123-B57083AB4532}.x86 Release|Win32.ActiveCfg = x86 Release|Win32
		{52F04D33-EED5-4EA7-8123-B57083AB4532}.x86 Release|Win32.Build.0 = x86 Release|Win32
	EndGlobalSection
	GlobalSection(SolutionProperties) = preSolution
		HideSolutionNode = FALSE
	EndGlobalSection
EndGlobal
