<?xml version="1.0" encoding="utf-8"?>
<Project ToolsVersion="4.0" xmlns="http://schemas.microsoft.com/developer/msbuild/2003">
  <ItemGroup>
    <Filter Include="(ExamplesCore)">
    </Filter>
    <Filter Include="(libjpeg)">
    </Filter>
    <Filter Include="'Marmalade Studio'\iwutil">
    </Filter>
    <Filter Include="'Marmalade System (S3E)'">
    </Filter>
    <Filter Include="(libjpeg)\h">
    </Filter>
    <Filter Include="'Marmalade System (S3E)'\GL\GLES 1.x">
    </Filter>
    <Filter Include="(box2d)\Rope">
    </Filter>
    <Filter Include="(box2d)\Dynamics\Joints">
    </Filter>
    <Filter Include="(libpng)">
    </Filter>
    <Filter Include="(libpng)\h">
    </Filter>
    <Filter Include="(zlib)">
    </Filter>
    <Filter Include="'Marmalade System (S3E)'\stdc headers\c++">
    </Filter>
    <Filter Include="(tiniconv)">
    </Filter>
    <Filter Include="'Marmalade System (S3E)'\Extensions">
    </Filter>
    <Filter Include="'Marmalade System (S3E)'\GL">
    </Filter>
    <Filter Include="(box2d)\Collision">
    </Filter>
    <Filter Include="(box2d)\Common">
    </Filter>
    <Filter Include="'Marmalade Studio'\iw2d">
    </Filter>
    <Filter Include="'Marmalade Studio'\iwgxfont">
    </Filter>
    <Filter Include="'Marmalade Studio'">
    </Filter>
    <Filter Include="(box2d)\Dynamics\Contacts">
    </Filter>
    <Filter Include="'Marmalade Studio'\iwgl">
    </Filter>
    <Filter Include="(box2d)">
    </Filter>
    <Filter Include="'Marmalade Studio'\iwresmanager">
    </Filter>
    <Filter Include="'Marmalade System (S3E)'\GL\GLES 2.0">
    </Filter>
    <Filter Include="'Marmalade System (S3E)'\stdc headers">
    </Filter>
    <Filter Include="'Marmalade Studio'\iwgx">
    </Filter>
    <Filter Include="'Marmalade Studio'\iwgeom">
    </Filter>
    <Filter Include="(box2d)\Collision\Shapes">
    </Filter>
    <Filter Include="'Marmalade System (S3E)'\GL\EGL">
    </Filter>
    <Filter Include="(zlib)\h">
    </Filter>
    <Filter Include="(box2d)\Dynamics">
    </Filter>
    <Filter Include="'Marmalade System (S3E)'\stdc headers\sys">
    </Filter>
  </ItemGroup>
  <ItemGroup>
    <None Include="c:/marmalade/6.3/modules/legacy/iwgx/h/IwClip.inl">
      <Filter>'Marmalade Studio'\iwgx</Filter>
    </None>
    <None Include="c:/marmalade/6.3/s3e/h/std/c++/algorithm">
      <Filter>'Marmalade System (S3E)'\stdc headers\c++</Filter>
    </None>
    <None Include="v:/GigglingBits/box2d/HeyBox2D/data/app.config.txt">
      <Filter></Filter>
    </None>
    <None Include="v:/GigglingBits/box2d/HeyBox2D/data/app.icf">
      <Filter></Filter>
    </None>
    <None Include="c:/marmalade/6.3/s3e/h/std/c++/bitset">
      <Filter>'Marmalade System (S3E)'\stdc headers\c++</Filter>
    </None>
    <None Include="v:/gigglingbits/box2d/box2d.mkf">
      <Filter>(box2d)</Filter>
    </None>
    <None Include="c:/marmalade/6.3/s3e/h/std/c++/cassert">
      <Filter>'Marmalade System (S3E)'\stdc headers\c++</Filter>
    </None>
    <None Include="c:/marmalade/6.3/s3e/h/std/c++/cctype">
      <Filter>'Marmalade System (S3E)'\stdc headers\c++</Filter>
    </None>
    <None Include="c:/marmalade/6.3/s3e/h/std/c++/cerrno">
      <Filter>'Marmalade System (S3E)'\stdc headers\c++</Filter>
    </None>
    <None Include="c:/marmalade/6.3/s3e/h/std/c++/cfloat">
      <Filter>'Marmalade System (S3E)'\stdc headers\c++</Filter>
    </None>
    <None Include="c:/marmalade/6.3/s3e/h/std/c++/climits">
      <Filter>'Marmalade System (S3E)'\stdc headers\c++</Filter>
    </None>
    <None Include="c:/marmalade/6.3/s3e/h/std/c++/clocale">
      <Filter>'Marmalade System (S3E)'\stdc headers\c++</Filter>
    </None>
    <None Include="c:/marmalade/6.3/s3e/h/std/c++/cmath">
      <Filter>'Marmalade System (S3E)'\stdc headers\c++</Filter>
    </None>
    <None Include="c:/marmalade/6.3/s3e/h/std/c++/complex">
      <Filter>'Marmalade System (S3E)'\stdc headers\c++</Filter>
    </None>
    <None Include="c:/marmalade/6.3/s3e/h/std/c++/csetjmp">
      <Filter>'Marmalade System (S3E)'\stdc headers\c++</Filter>
    </None>
    <None Include="c:/marmalade/6.3/s3e/h/std/c++/csignal">
      <Filter>'Marmalade System (S3E)'\stdc headers\c++</Filter>
    </None>
    <None Include="c:/marmalade/6.3/s3e/h/std/c++/cstdarg">
      <Filter>'Marmalade System (S3E)'\stdc headers\c++</Filter>
    </None>
    <None Include="c:/marmalade/6.3/s3e/h/std/c++/cstddef">
      <Filter>'Marmalade System (S3E)'\stdc headers\c++</Filter>
    </None>
    <None Include="c:/marmalade/6.3/s3e/h/std/c++/cstdio">
      <Filter>'Marmalade System (S3E)'\stdc headers\c++</Filter>
    </None>
    <None Include="c:/marmalade/6.3/s3e/h/std/c++/cstdlib">
      <Filter>'Marmalade System (S3E)'\stdc headers\c++</Filter>
    </None>
    <None Include="c:/marmalade/6.3/s3e/h/std/c++/cstring">
      <Filter>'Marmalade System (S3E)'\stdc headers\c++</Filter>
    </None>
    <None Include="c:/marmalade/6.3/s3e/h/std/c++/ctime">
      <Filter>'Marmalade System (S3E)'\stdc headers\c++</Filter>
    </None>
    <None Include="c:/marmalade/6.3/s3e/h/std/c++/cwchar">
      <Filter>'Marmalade System (S3E)'\stdc headers\c++</Filter>
    </None>
    <None Include="c:/marmalade/6.3/s3e/h/std/c++/cwctype">
      <Filter>'Marmalade System (S3E)'\stdc headers\c++</Filter>
    </None>
    <None Include="c:/marmalade/6.3/s3e/h/std/c++/deque">
      <Filter>'Marmalade System (S3E)'\stdc headers\c++</Filter>
    </None>
    <None Include="c:/marmalade/6.3/examples/examplescore/Docs/examplescore.defines.txt">
      <Filter>(ExamplesCore)</Filter>
    </None>
    <None Include="c:/marmalade/6.3/examples/examplescore/examplescore.mkf">
      <Filter>(ExamplesCore)</Filter>
    </None>
    <None Include="c:/marmalade/6.3/s3e/h/std/c++/exception">
      <Filter>'Marmalade System (S3E)'\stdc headers\c++</Filter>
    </None>
    <None Include="c:/marmalade/6.3/s3e/h/std/c++/fstream">
      <Filter>'Marmalade System (S3E)'\stdc headers\c++</Filter>
    </None>
    <None Include="c:/marmalade/6.3/s3e/h/std/c++/functional">
      <Filter>'Marmalade System (S3E)'\stdc headers\c++</Filter>
    </None>
    <None Include="c:/marmalade/6.3/s3e/h/std/c++/hash_map">
      <Filter>'Marmalade System (S3E)'\stdc headers\c++</Filter>
    </None>
    <None Include="c:/marmalade/6.3/s3e/h/std/c++/hash_set">
      <Filter>'Marmalade System (S3E)'\stdc headers\c++</Filter>
    </None>
    <None Include="c:/marmalade/6.3/s3e/h/std/c++/iomanip">
      <Filter>'Marmalade System (S3E)'\stdc headers\c++</Filter>
    </None>
    <None Include="c:/marmalade/6.3/s3e/h/std/c++/ios">
      <Filter>'Marmalade System (S3E)'\stdc headers\c++</Filter>
    </None>
    <None Include="c:/marmalade/6.3/s3e/h/std/c++/iosfwd">
      <Filter>'Marmalade System (S3E)'\stdc headers\c++</Filter>
    </None>
    <None Include="c:/marmalade/6.3/s3e/h/std/c++/iostream">
      <Filter>'Marmalade System (S3E)'\stdc headers\c++</Filter>
    </None>
    <None Include="c:/marmalade/6.3/s3e/h/std/c++/istream">
      <Filter>'Marmalade System (S3E)'\stdc headers\c++</Filter>
    </None>
    <None Include="c:/marmalade/6.3/s3e/h/std/c++/iterator">
      <Filter>'Marmalade System (S3E)'\stdc headers\c++</Filter>
    </None>
    <None Include="c:/marmalade/6.3/modules/legacy/iw2d/docs/iw2d.config.txt">
      <Filter>'Marmalade Studio'\iw2d</Filter>
    </None>
    <None Include="c:/marmalade/6.3/modules/iw2d/iw2d.mkf">
      <Filter>'Marmalade Studio'\iw2d</Filter>
    </None>
    <None Include="c:/marmalade/6.3/modules/legacy/iw2d/iw2d_legacy.mkf">
      <Filter>'Marmalade Studio'\iw2d</Filter>
    </None>
    <None Include="c:/marmalade/6.3/modules/legacy/iw2d/docs/iw2d_public.defines.txt">
      <Filter>'Marmalade Studio'\iw2d</Filter>
    </None>
    <None Include="c:/marmalade/6.3/modules/iwgeom/docs/iwgeom.config.txt">
      <Filter>'Marmalade Studio'\iwgeom</Filter>
    </None>
    <None Include="c:/marmalade/6.3/modules/iwgeom/iwgeom.mkf">
      <Filter>'Marmalade Studio'\iwgeom</Filter>
    </None>
    <None Include="c:/marmalade/6.3/modules/iwgl/docs/iwgl.config.txt">
      <Filter>'Marmalade Studio'\iwgl</Filter>
    </None>
    <None Include="c:/marmalade/6.3/modules/iwgl/iwgl.mkf">
      <Filter>'Marmalade Studio'\iwgl</Filter>
    </None>
    <None Include="c:/marmalade/6.3/modules/legacy/iwgx/docs/iwgx.config.txt">
      <Filter>'Marmalade Studio'\iwgx</Filter>
    </None>
    <None Include="c:/marmalade/6.3/modules/iwgx/iwgx.mkf">
      <Filter>'Marmalade Studio'\iwgx</Filter>
    </None>
    <None Include="c:/marmalade/6.3/modules/legacy/iwgx/iwgx_legacy.mkf">
      <Filter>'Marmalade Studio'\iwgx</Filter>
    </None>
    <None Include="c:/marmalade/6.3/modules/legacy/iwgx/docs/iwgx_public.defines.txt">
      <Filter>'Marmalade Studio'\iwgx</Filter>
    </None>
    <None Include="c:/marmalade/6.3/modules/legacy/iwgxfont/docs/iwgxfont.config.txt">
      <Filter>'Marmalade Studio'\iwgxfont</Filter>
    </None>
    <None Include="c:/marmalade/6.3/modules/iwgxfont/iwgxfont.mkf">
      <Filter>'Marmalade Studio'\iwgxfont</Filter>
    </None>
    <None Include="c:/marmalade/6.3/modules/legacy/iwgxfont/iwgxfont_legacy.mkf">
      <Filter>'Marmalade Studio'\iwgxfont</Filter>
    </None>
    <None Include="c:/marmalade/6.3/modules/legacy/iwgxfont/docs/iwgxfont_public.defines.txt">
      <Filter>'Marmalade Studio'\iwgxfont</Filter>
    </None>
    <None Include="c:/marmalade/6.3/modules/legacy/iwresmanager/docs/iwresmanager.config.txt">
      <Filter>'Marmalade Studio'\iwresmanager</Filter>
    </None>
    <None Include="c:/marmalade/6.3/modules/iwresmanager/iwresmanager.mkf">
      <Filter>'Marmalade Studio'\iwresmanager</Filter>
    </None>
    <None Include="c:/marmalade/6.3/modules/legacy/iwresmanager/iwresmanager_legacy.mkf">
      <Filter>'Marmalade Studio'\iwresmanager</Filter>
    </None>
    <None Include="c:/marmalade/6.3/modules/iwutil/docs/iwutil.config.txt">
      <Filter>'Marmalade Studio'\iwutil</Filter>
    </None>
    <None Include="c:/marmalade/6.3/modules/iwutil/iwutil.mkf">
      <Filter>'Marmalade Studio'\iwutil</Filter>
    </None>
    <None Include="c:/marmalade/6.3/modules/third_party/libjpeg/libjpeg.mkf">
      <Filter>(libjpeg)</Filter>
    </None>
    <None Include="c:/marmalade/6.3/modules/third_party/libpng/libpng.mkf">
      <Filter>(libpng)</Filter>
    </None>
    <None Include="c:/marmalade/6.3/s3e/h/std/c++/limits">
      <Filter>'Marmalade System (S3E)'\stdc headers\c++</Filter>
    </None>
    <None Include="c:/marmalade/6.3/s3e/h/std/c++/list">
      <Filter>'Marmalade System (S3E)'\stdc headers\c++</Filter>
    </None>
    <None Include="c:/marmalade/6.3/s3e/h/std/c++/locale">
      <Filter>'Marmalade System (S3E)'\stdc headers\c++</Filter>
    </None>
    <None Include="c:/marmalade/6.3/s3e/h/std/c++/map">
      <Filter>'Marmalade System (S3E)'\stdc headers\c++</Filter>
    </None>
    <None Include="c:/marmalade/6.3/s3e/h/std/c++/memory">
      <Filter>'Marmalade System (S3E)'\stdc headers\c++</Filter>
    </None>
    <None Include="c:/marmalade/6.3/s3e/h/std/c++/new">
      <Filter>'Marmalade System (S3E)'\stdc headers\c++</Filter>
    </None>
    <None Include="c:/marmalade/6.3/s3e/h/std/c++/numeric">
      <Filter>'Marmalade System (S3E)'\stdc headers\c++</Filter>
    </None>
    <None Include="c:/marmalade/6.3/s3e/h/std/c++/ostream">
      <Filter>'Marmalade System (S3E)'\stdc headers\c++</Filter>
    </None>
    <None Include="c:/marmalade/6.3/s3e/h/std/c++/pthread_alloc">
      <Filter>'Marmalade System (S3E)'\stdc headers\c++</Filter>
    </None>
    <None Include="c:/marmalade/6.3/s3e/h/std/c++/queue">
      <Filter>'Marmalade System (S3E)'\stdc headers\c++</Filter>
    </None>
    <None Include="c:/marmalade/6.3/s3e/h/std/c++/rope">
      <Filter>'Marmalade System (S3E)'\stdc headers\c++</Filter>
    </None>
    <None Include="c:/marmalade/6.3/s3e/s3e.config.txt">
      <Filter>'Marmalade System (S3E)'</Filter>
    </None>
    <None Include="c:/marmalade/6.3/s3e/s3e.icf">
      <Filter>'Marmalade System (S3E)'</Filter>
    </None>
    <None Include="c:/marmalade/6.3/s3e/s3e.mkf">
      <Filter>'Marmalade System (S3E)'</Filter>
    </None>
    <None Include="c:/marmalade/6.3/s3e/h/std/c++/set">
      <Filter>'Marmalade System (S3E)'\stdc headers\c++</Filter>
    </None>
    <None Include="c:/marmalade/6.3/s3e/h/std/c++/slist">
      <Filter>'Marmalade System (S3E)'\stdc headers\c++</Filter>
    </None>
    <None Include="c:/marmalade/6.3/s3e/h/std/c++/sstream">
      <Filter>'Marmalade System (S3E)'\stdc headers\c++</Filter>
    </None>
    <None Include="c:/marmalade/6.3/s3e/h/std/c++/stack">
      <Filter>'Marmalade System (S3E)'\stdc headers\c++</Filter>
    </None>
    <None Include="c:/marmalade/6.3/s3e/h/std/c++/stdexcept">
      <Filter>'Marmalade System (S3E)'\stdc headers\c++</Filter>
    </None>
    <None Include="c:/marmalade/6.3/s3e/h/std/c++/stdio_streambuf">
      <Filter>'Marmalade System (S3E)'\stdc headers\c++</Filter>
    </None>
    <None Include="c:/marmalade/6.3/s3e/h/std/c++/streambuf">
      <Filter>'Marmalade System (S3E)'\stdc headers\c++</Filter>
    </None>
    <None Include="c:/marmalade/6.3/s3e/h/std/c++/string">
      <Filter>'Marmalade System (S3E)'\stdc headers\c++</Filter>
    </None>
    <None Include="c:/marmalade/6.3/s3e/h/std/c++/strstream">
      <Filter>'Marmalade System (S3E)'\stdc headers\c++</Filter>
    </None>
    <None Include="c:/marmalade/6.3/modules/third_party/tiniconv/tiniconv.mkf">
      <Filter>(tiniconv)</Filter>
    </None>
    <None Include="c:/marmalade/6.3/s3e/h/std/c++/typeinfo">
      <Filter>'Marmalade System (S3E)'\stdc headers\c++</Filter>
    </None>
    <None Include="c:/marmalade/6.3/s3e/h/std/c++/utility">
      <Filter>'Marmalade System (S3E)'\stdc headers\c++</Filter>
    </None>
    <None Include="c:/marmalade/6.3/s3e/h/std/c++/valarray">
      <Filter>'Marmalade System (S3E)'\stdc headers\c++</Filter>
    </None>
    <None Include="c:/marmalade/6.3/s3e/h/std/c++/vector">
      <Filter>'Marmalade System (S3E)'\stdc headers\c++</Filter>
    </None>
    <None Include="c:/marmalade/6.3/modules/third_party/zlib/zlib.mkf">
      <Filter>(zlib)</Filter>
    </None>
    <CustomBuild Include="v:/GigglingBits/box2d/HeyBox2D/HeyBox2D.mkb">
      <Filter></Filter>
    </CustomBuild>
  </ItemGroup>
  <ItemGroup>
    <ClInclude Include="c:/marmalade/6.3/s3e/h/AirplayVersion.h">
      <Filter>'Marmalade System (S3E)'</Filter>
    </ClInclude>
    <ClInclude Include="v:/gigglingbits/box2d/Box2D/Box2D.h">
      <Filter>(box2d)</Filter>
    </ClInclude>
    <ClInclude Include="c:/marmalade/6.3/examples/examplescore/ExamplesMain.h">
      <Filter>(ExamplesCore)</Filter>
    </ClInclude>
    <ClInclude Include="c:/marmalade/6.3/modules/legacy/iw2d/h/Iw2D.h">
      <Filter>'Marmalade Studio'\iw2d</Filter>
    </ClInclude>
    <ClInclude Include="c:/marmalade/6.3/modules/iwutil/h/IwAllocator.h">
      <Filter>'Marmalade Studio'\iwutil</Filter>
    </ClInclude>
    <ClInclude Include="c:/marmalade/6.3/modules/iwutil/h/IwArray.h">
      <Filter>'Marmalade Studio'\iwutil</Filter>
    </ClInclude>
    <ClInclude Include="c:/marmalade/6.3/modules/iwutil/h/IwAutoFile.h">
      <Filter>'Marmalade Studio'\iwutil</Filter>
    </ClInclude>
    <ClInclude Include="c:/marmalade/6.3/modules/iwutil/h/IwBuffer.h">
      <Filter>'Marmalade Studio'\iwutil</Filter>
    </ClInclude>
    <ClInclude Include="c:/marmalade/6.3/modules/iwutil/h/IwChar.h">
      <Filter>'Marmalade Studio'\iwutil</Filter>
    </ClInclude>
    <ClInclude Include="c:/marmalade/6.3/modules/iwutil/h/IwClassFactory.h">
      <Filter>'Marmalade Studio'\iwutil</Filter>
    </ClInclude>
    <ClInclude Include="c:/marmalade/6.3/modules/legacy/iwgx/h/IwClip.h">
      <Filter>'Marmalade Studio'\iwgx</Filter>
    </ClInclude>
    <ClInclude Include="c:/marmalade/6.3/modules/legacy/iwgx/h/IwColour.h">
      <Filter>'Marmalade Studio'\iwgx</Filter>
    </ClInclude>
    <ClInclude Include="c:/marmalade/6.3/modules/iwutil/h/IwCopyingPtr.h">
      <Filter>'Marmalade Studio'\iwutil</Filter>
    </ClInclude>
    <ClInclude Include="c:/marmalade/6.3/modules/iwutil/h/IwCore.h">
      <Filter>'Marmalade Studio'\iwutil</Filter>
    </ClInclude>
    <ClInclude Include="c:/marmalade/6.3/modules/iwutil/h/IwDebug.h">
      <Filter>'Marmalade Studio'\iwutil</Filter>
    </ClInclude>
    <ClInclude Include="c:/marmalade/6.3/modules/legacy/iwgx/h/IwDebugPrim.h">
      <Filter>'Marmalade Studio'\iwgx</Filter>
    </ClInclude>
    <ClInclude Include="c:/marmalade/6.3/modules/iwutil/h/IwDivTable.h">
      <Filter>'Marmalade Studio'\iwutil</Filter>
    </ClInclude>
    <ClInclude Include="c:/marmalade/6.3/modules/iwutil/h/IwDivide.h">
      <Filter>'Marmalade Studio'\iwutil</Filter>
    </ClInclude>
    <ClInclude Include="c:/marmalade/6.3/modules/iwutil/h/IwEvent.h">
      <Filter>'Marmalade Studio'\iwutil</Filter>
    </ClInclude>
    <ClInclude Include="c:/marmalade/6.3/modules/iwutil/h/IwFibre.h">
      <Filter>'Marmalade Studio'\iwutil</Filter>
    </ClInclude>
    <ClInclude Include="c:/marmalade/6.3/modules/iwutil/h/IwFile.h">
      <Filter>'Marmalade Studio'\iwutil</Filter>
    </ClInclude>
    <ClInclude Include="c:/marmalade/6.3/modules/iwgl/h/IwGL.h">
      <Filter>'Marmalade Studio'\iwgl</Filter>
    </ClInclude>
    <ClInclude Include="c:/marmalade/6.3/modules/iwgl/h/IwGLExt.h">
      <Filter>'Marmalade Studio'\iwgl</Filter>
    </ClInclude>
    <ClInclude Include="c:/marmalade/6.3/modules/iwgeom/h/IwGeom.h">
      <Filter>'Marmalade Studio'\iwgeom</Filter>
    </ClInclude>
    <ClInclude Include="c:/marmalade/6.3/modules/iwgeom/h/IwGeomBBox.h">
      <Filter>'Marmalade Studio'\iwgeom</Filter>
    </ClInclude>
    <ClInclude Include="c:/marmalade/6.3/modules/iwgeom/h/IwGeomCore.h">
      <Filter>'Marmalade Studio'\iwgeom</Filter>
    </ClInclude>
    <ClInclude Include="c:/marmalade/6.3/modules/iwgeom/h/IwGeomFBBox.h">
      <Filter>'Marmalade Studio'\iwgeom</Filter>
    </ClInclude>
    <ClInclude Include="c:/marmalade/6.3/modules/iwgeom/h/IwGeomFIntersect.h">
      <Filter>'Marmalade Studio'\iwgeom</Filter>
    </ClInclude>
    <ClInclude Include="c:/marmalade/6.3/modules/iwgeom/h/IwGeomFMat.h">
      <Filter>'Marmalade Studio'\iwgeom</Filter>
    </ClInclude>
    <ClInclude Include="c:/marmalade/6.3/modules/iwgeom/h/IwGeomFMat2D.h">
      <Filter>'Marmalade Studio'\iwgeom</Filter>
    </ClInclude>
    <ClInclude Include="c:/marmalade/6.3/modules/iwgeom/h/IwGeomFPlane.h">
      <Filter>'Marmalade Studio'\iwgeom</Filter>
    </ClInclude>
    <ClInclude Include="c:/marmalade/6.3/modules/iwgeom/h/IwGeomFQuat.h">
      <Filter>'Marmalade Studio'\iwgeom</Filter>
    </ClInclude>
    <ClInclude Include="c:/marmalade/6.3/modules/iwgeom/h/IwGeomFSphere.h">
      <Filter>'Marmalade Studio'\iwgeom</Filter>
    </ClInclude>
    <ClInclude Include="c:/marmalade/6.3/modules/iwgeom/h/IwGeomFVec2.h">
      <Filter>'Marmalade Studio'\iwgeom</Filter>
    </ClInclude>
    <ClInclude Include="c:/marmalade/6.3/modules/iwgeom/h/IwGeomFVec3.h">
      <Filter>'Marmalade Studio'\iwgeom</Filter>
    </ClInclude>
    <ClInclude Include="c:/marmalade/6.3/modules/iwgeom/h/IwGeomFVec4.h">
      <Filter>'Marmalade Studio'\iwgeom</Filter>
    </ClInclude>
    <ClInclude Include="c:/marmalade/6.3/modules/iwgeom/h/IwGeomIntersect.h">
      <Filter>'Marmalade Studio'\iwgeom</Filter>
    </ClInclude>
    <ClInclude Include="c:/marmalade/6.3/modules/iwgeom/h/IwGeomLegacy.h">
      <Filter>'Marmalade Studio'\iwgeom</Filter>
    </ClInclude>
    <ClInclude Include="c:/marmalade/6.3/modules/iwgeom/h/IwGeomMat.h">
      <Filter>'Marmalade Studio'\iwgeom</Filter>
    </ClInclude>
    <ClInclude Include="c:/marmalade/6.3/modules/iwgeom/h/IwGeomMat2D.h">
      <Filter>'Marmalade Studio'\iwgeom</Filter>
    </ClInclude>
    <ClInclude Include="c:/marmalade/6.3/modules/iwgeom/h/IwGeomMenu.h">
      <Filter>'Marmalade Studio'\iwgeom</Filter>
    </ClInclude>
    <ClInclude Include="c:/marmalade/6.3/modules/iwgeom/h/IwGeomPlane.h">
      <Filter>'Marmalade Studio'\iwgeom</Filter>
    </ClInclude>
    <ClInclude Include="c:/marmalade/6.3/modules/iwgeom/h/IwGeomQuat.h">
      <Filter>'Marmalade Studio'\iwgeom</Filter>
    </ClInclude>
    <ClInclude Include="c:/marmalade/6.3/modules/iwgeom/h/IwGeomSQuat.h">
      <Filter>'Marmalade Studio'\iwgeom</Filter>
    </ClInclude>
    <ClInclude Include="c:/marmalade/6.3/modules/iwgeom/h/IwGeomSVec2.h">
      <Filter>'Marmalade Studio'\iwgeom</Filter>
    </ClInclude>
    <ClInclude Include="c:/marmalade/6.3/modules/iwgeom/h/IwGeomSVec3.h">
      <Filter>'Marmalade Studio'\iwgeom</Filter>
    </ClInclude>
    <ClInclude Include="c:/marmalade/6.3/modules/iwgeom/h/IwGeomSVec4.h">
      <Filter>'Marmalade Studio'\iwgeom</Filter>
    </ClInclude>
    <ClInclude Include="c:/marmalade/6.3/modules/iwgeom/h/IwGeomSphere.h">
      <Filter>'Marmalade Studio'\iwgeom</Filter>
    </ClInclude>
    <ClInclude Include="c:/marmalade/6.3/modules/iwgeom/h/IwGeomSqrt.h">
      <Filter>'Marmalade Studio'\iwgeom</Filter>
    </ClInclude>
    <ClInclude Include="c:/marmalade/6.3/modules/iwgeom/h/IwGeomVec.h">
      <Filter>'Marmalade Studio'\iwgeom</Filter>
    </ClInclude>
    <ClInclude Include="c:/marmalade/6.3/modules/iwgeom/h/IwGeomVec2.h">
      <Filter>'Marmalade Studio'\iwgeom</Filter>
    </ClInclude>
    <ClInclude Include="c:/marmalade/6.3/modules/iwgeom/h/IwGeomVec3.h">
      <Filter>'Marmalade Studio'\iwgeom</Filter>
    </ClInclude>
    <ClInclude Include="c:/marmalade/6.3/modules/iwgeom/h/IwGeomVec4.h">
      <Filter>'Marmalade Studio'\iwgeom</Filter>
    </ClInclude>
    <ClInclude Include="c:/marmalade/6.3/modules/legacy/iwgx/h/IwGx.h">
      <Filter>'Marmalade Studio'\iwgx</Filter>
    </ClInclude>
    <ClInclude Include="c:/marmalade/6.3/modules/legacy/iwgx/h/IwGxDebug.h">
      <Filter>'Marmalade Studio'\iwgx</Filter>
    </ClInclude>
    <ClInclude Include="c:/marmalade/6.3/modules/legacy/iwgx/h/IwGxDrawSW.h">
      <Filter>'Marmalade Studio'\iwgx</Filter>
    </ClInclude>
    <ClInclude Include="c:/marmalade/6.3/modules/legacy/iwgx/h/IwGxError.h">
      <Filter>'Marmalade Studio'\iwgx</Filter>
    </ClInclude>
    <ClInclude Include="c:/marmalade/6.3/modules/legacy/iwgxfont/h/IwGxFont.h">
      <Filter>'Marmalade Studio'\iwgxfont</Filter>
    </ClInclude>
    <ClInclude Include="c:/marmalade/6.3/modules/legacy/iwgxfont/h/IwGxFontContainer.h">
      <Filter>'Marmalade Studio'\iwgxfont</Filter>
    </ClInclude>
    <ClInclude Include="c:/marmalade/6.3/modules/legacy/iwgxfont/h/IwGxFontGlyph.h">
      <Filter>'Marmalade Studio'\iwgxfont</Filter>
    </ClInclude>
    <ClInclude Include="c:/marmalade/6.3/modules/legacy/iwgxfont/h/IwGxFontPreparedData.h">
      <Filter>'Marmalade Studio'\iwgxfont</Filter>
    </ClInclude>
    <ClInclude Include="c:/marmalade/6.3/modules/legacy/iwgxfont/h/IwGxFontState.h">
      <Filter>'Marmalade Studio'\iwgxfont</Filter>
    </ClInclude>
    <ClInclude Include="c:/marmalade/6.3/modules/legacy/iwgxfont/h/IwGxFontTypes.h">
      <Filter>'Marmalade Studio'\iwgxfont</Filter>
    </ClInclude>
    <ClInclude Include="c:/marmalade/6.3/modules/legacy/iwgx/h/IwGxFuncTable.h">
      <Filter>'Marmalade Studio'\iwgx</Filter>
    </ClInclude>
    <ClInclude Include="c:/marmalade/6.3/modules/legacy/iwgx/h/IwGxMetrics.h">
      <Filter>'Marmalade Studio'\iwgx</Filter>
    </ClInclude>
    <ClInclude Include="c:/marmalade/6.3/modules/legacy/iwgx/h/IwGxMotionBlur.h">
      <Filter>'Marmalade Studio'\iwgx</Filter>
    </ClInclude>
    <ClInclude Include="c:/marmalade/6.3/modules/legacy/iwgx/h/IwGxPrint.h">
      <Filter>'Marmalade Studio'\iwgx</Filter>
    </ClInclude>
    <ClInclude Include="c:/marmalade/6.3/modules/legacy/iwgx/h/IwGxRenderSW.h">
      <Filter>'Marmalade Studio'\iwgx</Filter>
    </ClInclude>
    <ClInclude Include="c:/marmalade/6.3/modules/legacy/iwgx/h/IwGxShaderTechnique.h">
      <Filter>'Marmalade Studio'\iwgx</Filter>
    </ClInclude>
    <ClInclude Include="c:/marmalade/6.3/modules/legacy/iwgx/h/IwGxState.h">
      <Filter>'Marmalade Studio'\iwgx</Filter>
    </ClInclude>
    <ClInclude Include="c:/marmalade/6.3/modules/legacy/iwgx/h/IwGxStream.h">
      <Filter>'Marmalade Studio'\iwgx</Filter>
    </ClInclude>
    <ClInclude Include="c:/marmalade/6.3/modules/legacy/iwgx/h/IwGxSurface.h">
      <Filter>'Marmalade Studio'\iwgx</Filter>
    </ClInclude>
    <ClInclude Include="c:/marmalade/6.3/modules/legacy/iwgx/h/IwGxTransformSW.h">
      <Filter>'Marmalade Studio'\iwgx</Filter>
    </ClInclude>
    <ClInclude Include="c:/marmalade/6.3/modules/legacy/iwgx/h/IwGxTypes.h">
      <Filter>'Marmalade Studio'\iwgx</Filter>
    </ClInclude>
    <ClInclude Include="c:/marmalade/6.3/modules/iwutil/h/IwHashString.h">
      <Filter>'Marmalade Studio'\iwutil</Filter>
    </ClInclude>
    <ClInclude Include="c:/marmalade/6.3/modules/iwutil/h/IwImage.h">
      <Filter>'Marmalade Studio'\iwutil</Filter>
    </ClInclude>
    <ClInclude Include="c:/marmalade/6.3/modules/iwutil/h/IwImageHelper.h">
      <Filter>'Marmalade Studio'\iwutil</Filter>
    </ClInclude>
    <ClInclude Include="c:/marmalade/6.3/modules/iwutil/h/IwKeymap.h">
      <Filter>'Marmalade Studio'\iwutil</Filter>
    </ClInclude>
    <ClInclude Include="c:/marmalade/6.3/modules/iwutil/h/IwList.h">
      <Filter>'Marmalade Studio'\iwutil</Filter>
    </ClInclude>
    <ClInclude Include="c:/marmalade/6.3/modules/iwutil/h/IwManaged.h">
      <Filter>'Marmalade Studio'\iwutil</Filter>
    </ClInclude>
    <ClInclude Include="c:/marmalade/6.3/modules/iwutil/h/IwManagedList.h">
      <Filter>'Marmalade Studio'\iwutil</Filter>
    </ClInclude>
    <ClInclude Include="c:/marmalade/6.3/modules/legacy/iwgx/h/IwMatAnim.h">
      <Filter>'Marmalade Studio'\iwgx</Filter>
    </ClInclude>
    <ClInclude Include="c:/marmalade/6.3/modules/legacy/iwgx/h/IwMaterial.h">
      <Filter>'Marmalade Studio'\iwgx</Filter>
    </ClInclude>
    <ClInclude Include="c:/marmalade/6.3/modules/iwutil/h/IwMath.h">
      <Filter>'Marmalade Studio'\iwutil</Filter>
    </ClInclude>
    <ClInclude Include="c:/marmalade/6.3/modules/iwutil/h/IwMemBucket.h">
      <Filter>'Marmalade Studio'\iwutil</Filter>
    </ClInclude>
    <ClInclude Include="c:/marmalade/6.3/modules/iwutil/h/IwMemBucketHelpers.h">
      <Filter>'Marmalade Studio'\iwutil</Filter>
    </ClInclude>
    <ClInclude Include="c:/marmalade/6.3/modules/iwutil/h/IwMemManagerDL.h">
      <Filter>'Marmalade Studio'\iwutil</Filter>
    </ClInclude>
    <ClInclude Include="c:/marmalade/6.3/modules/iwutil/h/IwMemory.h">
      <Filter>'Marmalade Studio'\iwutil</Filter>
    </ClInclude>
    <ClInclude Include="c:/marmalade/6.3/modules/iwutil/h/IwMenu.h">
      <Filter>'Marmalade Studio'\iwutil</Filter>
    </ClInclude>
    <ClInclude Include="c:/marmalade/6.3/modules/iwutil/h/IwOptimiseARM.h">
      <Filter>'Marmalade Studio'\iwutil</Filter>
    </ClInclude>
    <ClInclude Include="c:/marmalade/6.3/modules/iwutil/h/IwOptimiseSize.h">
      <Filter>'Marmalade Studio'\iwutil</Filter>
    </ClInclude>
    <ClInclude Include="c:/marmalade/6.3/modules/iwutil/h/IwOptimiseSpeed.h">
      <Filter>'Marmalade Studio'\iwutil</Filter>
    </ClInclude>
    <ClInclude Include="c:/marmalade/6.3/modules/iwutil/h/IwOptimiseThumb.h">
      <Filter>'Marmalade Studio'\iwutil</Filter>
    </ClInclude>
    <ClInclude Include="c:/marmalade/6.3/modules/iwutil/h/IwPath.h">
      <Filter>'Marmalade Studio'\iwutil</Filter>
    </ClInclude>
    <ClInclude Include="c:/marmalade/6.3/modules/iwutil/h/IwProfileMenu.h">
      <Filter>'Marmalade Studio'\iwutil</Filter>
    </ClInclude>
    <ClInclude Include="c:/marmalade/6.3/modules/iwutil/h/IwRandom.h">
      <Filter>'Marmalade Studio'\iwutil</Filter>
    </ClInclude>
    <ClInclude Include="c:/marmalade/6.3/modules/legacy/iwresmanager/h/IwResGroup.h">
      <Filter>'Marmalade Studio'\iwresmanager</Filter>
    </ClInclude>
    <ClInclude Include="c:/marmalade/6.3/modules/legacy/iwresmanager/h/IwResHandler.h">
      <Filter>'Marmalade Studio'\iwresmanager</Filter>
    </ClInclude>
    <ClInclude Include="c:/marmalade/6.3/modules/legacy/iwresmanager/h/IwResHandlerGROUP.h">
      <Filter>'Marmalade Studio'\iwresmanager</Filter>
    </ClInclude>
    <ClInclude Include="c:/marmalade/6.3/modules/legacy/iwresmanager/h/IwResHandlerITX.h">
      <Filter>'Marmalade Studio'\iwresmanager</Filter>
    </ClInclude>
    <ClInclude Include="c:/marmalade/6.3/modules/legacy/iwresmanager/h/IwResHandlerImage.h">
      <Filter>'Marmalade Studio'\iwresmanager</Filter>
    </ClInclude>
    <ClInclude Include="c:/marmalade/6.3/modules/legacy/iwgx/h/IwResHandlerMTL.h">
      <Filter>'Marmalade Studio'\iwgx</Filter>
    </ClInclude>
    <ClInclude Include="c:/marmalade/6.3/modules/legacy/iwresmanager/h/IwResManager.h">
      <Filter>'Marmalade Studio'\iwresmanager</Filter>
    </ClInclude>
    <ClInclude Include="c:/marmalade/6.3/modules/legacy/iwresmanager/h/IwResManagerClass.h">
      <Filter>'Marmalade Studio'\iwresmanager</Filter>
    </ClInclude>
    <ClInclude Include="c:/marmalade/6.3/modules/legacy/iwresmanager/h/IwResSerialise.h">
      <Filter>'Marmalade Studio'\iwresmanager</Filter>
    </ClInclude>
    <ClInclude Include="c:/marmalade/6.3/modules/iwutil/h/IwResource.h">
      <Filter>'Marmalade Studio'\iwutil</Filter>
    </ClInclude>
    <ClInclude Include="c:/marmalade/6.3/modules/iwutil/h/IwRuntime.h">
      <Filter>'Marmalade Studio'\iwutil</Filter>
    </ClInclude>
    <ClInclude Include="c:/marmalade/6.3/modules/iwutil/h/IwSerialise.h">
      <Filter>'Marmalade Studio'\iwutil</Filter>
    </ClInclude>
    <ClInclude Include="c:/marmalade/6.3/modules/iwutil/h/IwSingleton.h">
      <Filter>'Marmalade Studio'\iwutil</Filter>
    </ClInclude>
    <ClInclude Include="c:/marmalade/6.3/modules/iwutil/h/IwString.h">
      <Filter>'Marmalade Studio'\iwutil</Filter>
    </ClInclude>
    <ClInclude Include="c:/marmalade/6.3/modules/legacy/iwgx/h/IwTPage.h">
      <Filter>'Marmalade Studio'\iwgx</Filter>
    </ClInclude>
    <ClInclude Include="c:/marmalade/6.3/modules/iwutil/h/IwTextParseable.h">
      <Filter>'Marmalade Studio'\iwutil</Filter>
    </ClInclude>
    <ClInclude Include="c:/marmalade/6.3/modules/iwutil/h/IwTextParser.h">
      <Filter>'Marmalade Studio'\iwutil</Filter>
    </ClInclude>
    <ClInclude Include="c:/marmalade/6.3/modules/iwutil/h/IwTextParserITX.h">
      <Filter>'Marmalade Studio'\iwutil</Filter>
    </ClInclude>
    <ClInclude Include="c:/marmalade/6.3/modules/legacy/iwgx/h/IwTexture.h">
      <Filter>'Marmalade Studio'\iwgx</Filter>
    </ClInclude>
    <ClInclude Include="c:/marmalade/6.3/modules/iwutil/h/IwTypes.h">
      <Filter>'Marmalade Studio'\iwutil</Filter>
    </ClInclude>
    <ClInclude Include="c:/marmalade/6.3/modules/iwutil/h/IwUTF8.h">
      <Filter>'Marmalade Studio'\iwutil</Filter>
    </ClInclude>
    <ClInclude Include="c:/marmalade/6.3/modules/iwutil/h/IwUncopyable.h">
      <Filter>'Marmalade Studio'\iwutil</Filter>
    </ClInclude>
    <ClInclude Include="c:/marmalade/6.3/modules/iwutil/h/IwUtil.h">
      <Filter>'Marmalade Studio'\iwutil</Filter>
    </ClInclude>
    <ClInclude Include="c:/marmalade/6.3/modules/iwutil/h/IwUtilInitTerm.h">
      <Filter>'Marmalade Studio'\iwutil</Filter>
    </ClInclude>
    <ClInclude Include="c:/marmalade/6.3/modules/iwutil/h/IwVariableBitField.h">
      <Filter>'Marmalade Studio'\iwutil</Filter>
    </ClInclude>
    <ClInclude Include="c:/marmalade/6.3/s3e/h/MarmaladeVersion.h">
      <Filter>'Marmalade System (S3E)'</Filter>
    </ClInclude>
    <ClInclude Include="c:/marmalade/6.3/s3e/h/std/alloca.h">
      <Filter>'Marmalade System (S3E)'\stdc headers</Filter>
    </ClInclude>
    <ClInclude Include="c:/marmalade/6.3/s3e/h/std/assert.h">
      <Filter>'Marmalade System (S3E)'\stdc headers</Filter>
    </ClInclude>
    <ClInclude Include="v:/gigglingbits/box2d/Box2D/Common/b2BlockAllocator.h">
      <Filter>(box2d)\Common</Filter>
    </ClInclude>
    <ClInclude Include="v:/gigglingbits/box2d/Box2D/Dynamics/b2Body.h">
      <Filter>(box2d)\Dynamics</Filter>
    </ClInclude>
    <ClInclude Include="v:/gigglingbits/box2d/Box2D/Collision/b2BroadPhase.h">
      <Filter>(box2d)\Collision</Filter>
    </ClInclude>
    <ClInclude Include="v:/gigglingbits/box2d/Box2D/Dynamics/Contacts/b2ChainAndCircleContact.h">
      <Filter>(box2d)\Dynamics\Contacts</Filter>
    </ClInclude>
    <ClInclude Include="v:/gigglingbits/box2d/Box2D/Dynamics/Contacts/b2ChainAndPolygonContact.h">
      <Filter>(box2d)\Dynamics\Contacts</Filter>
    </ClInclude>
    <ClInclude Include="v:/gigglingbits/box2d/Box2D/Collision/Shapes/b2ChainShape.h">
      <Filter>(box2d)\Collision\Shapes</Filter>
    </ClInclude>
    <ClInclude Include="v:/gigglingbits/box2d/Box2D/Dynamics/Contacts/b2CircleContact.h">
      <Filter>(box2d)\Dynamics\Contacts</Filter>
    </ClInclude>
    <ClInclude Include="v:/gigglingbits/box2d/Box2D/Collision/Shapes/b2CircleShape.h">
      <Filter>(box2d)\Collision\Shapes</Filter>
    </ClInclude>
    <ClInclude Include="v:/gigglingbits/box2d/Box2D/Collision/b2Collision.h">
      <Filter>(box2d)\Collision</Filter>
    </ClInclude>
    <ClInclude Include="v:/gigglingbits/box2d/Box2D/Dynamics/Contacts/b2Contact.h">
      <Filter>(box2d)\Dynamics\Contacts</Filter>
    </ClInclude>
    <ClInclude Include="v:/gigglingbits/box2d/Box2D/Dynamics/b2ContactManager.h">
      <Filter>(box2d)\Dynamics</Filter>
    </ClInclude>
    <ClInclude Include="v:/gigglingbits/box2d/Box2D/Dynamics/Contacts/b2ContactSolver.h">
      <Filter>(box2d)\Dynamics\Contacts</Filter>
    </ClInclude>
    <ClInclude Include="v:/gigglingbits/box2d/Box2D/Collision/b2Distance.h">
      <Filter>(box2d)\Collision</Filter>
    </ClInclude>
    <ClInclude Include="v:/gigglingbits/box2d/Box2D/Dynamics/Joints/b2DistanceJoint.h">
      <Filter>(box2d)\Dynamics\Joints</Filter>
    </ClInclude>
    <ClInclude Include="v:/gigglingbits/box2d/Box2D/Common/b2Draw.h">
      <Filter>(box2d)\Common</Filter>
    </ClInclude>
    <ClInclude Include="v:/gigglingbits/box2d/Box2D/Collision/b2DynamicTree.h">
      <Filter>(box2d)\Collision</Filter>
    </ClInclude>
    <ClInclude Include="v:/gigglingbits/box2d/Box2D/Dynamics/Contacts/b2EdgeAndCircleContact.h">
      <Filter>(box2d)\Dynamics\Contacts</Filter>
    </ClInclude>
    <ClInclude Include="v:/gigglingbits/box2d/Box2D/Dynamics/Contacts/b2EdgeAndPolygonContact.h">
      <Filter>(box2d)\Dynamics\Contacts</Filter>
    </ClInclude>
    <ClInclude Include="v:/gigglingbits/box2d/Box2D/Collision/Shapes/b2EdgeShape.h">
      <Filter>(box2d)\Collision\Shapes</Filter>
    </ClInclude>
    <ClInclude Include="v:/gigglingbits/box2d/Box2D/Dynamics/b2Fixture.h">
      <Filter>(box2d)\Dynamics</Filter>
    </ClInclude>
    <ClInclude Include="v:/gigglingbits/box2d/Box2D/Dynamics/Joints/b2FrictionJoint.h">
      <Filter>(box2d)\Dynamics\Joints</Filter>
    </ClInclude>
    <ClInclude Include="v:/gigglingbits/box2d/Box2D/Dynamics/Joints/b2GearJoint.h">
      <Filter>(box2d)\Dynamics\Joints</Filter>
    </ClInclude>
    <ClInclude Include="v:/gigglingbits/box2d/Box2D/Common/b2GrowableStack.h">
      <Filter>(box2d)\Common</Filter>
    </ClInclude>
    <ClInclude Include="v:/gigglingbits/box2d/Box2D/Dynamics/b2Island.h">
      <Filter>(box2d)\Dynamics</Filter>
    </ClInclude>
    <ClInclude Include="v:/gigglingbits/box2d/Box2D/Dynamics/Joints/b2Joint.h">
      <Filter>(box2d)\Dynamics\Joints</Filter>
    </ClInclude>
    <ClInclude Include="v:/gigglingbits/box2d/Box2D/Common/b2Math.h">
      <Filter>(box2d)\Common</Filter>
    </ClInclude>
    <ClInclude Include="v:/gigglingbits/box2d/Box2D/Dynamics/Joints/b2MotorJoint.h">
      <Filter>(box2d)\Dynamics\Joints</Filter>
    </ClInclude>
    <ClInclude Include="v:/gigglingbits/box2d/Box2D/Dynamics/Joints/b2MouseJoint.h">
      <Filter>(box2d)\Dynamics\Joints</Filter>
    </ClInclude>
    <ClInclude Include="v:/gigglingbits/box2d/Box2D/Dynamics/Contacts/b2PolygonAndCircleContact.h">
      <Filter>(box2d)\Dynamics\Contacts</Filter>
    </ClInclude>
    <ClInclude Include="v:/gigglingbits/box2d/Box2D/Dynamics/Contacts/b2PolygonContact.h">
      <Filter>(box2d)\Dynamics\Contacts</Filter>
    </ClInclude>
    <ClInclude Include="v:/gigglingbits/box2d/Box2D/Collision/Shapes/b2PolygonShape.h">
      <Filter>(box2d)\Collision\Shapes</Filter>
    </ClInclude>
    <ClInclude Include="v:/gigglingbits/box2d/Box2D/Dynamics/Joints/b2PrismaticJoint.h">
      <Filter>(box2d)\Dynamics\Joints</Filter>
    </ClInclude>
    <ClInclude Include="v:/gigglingbits/box2d/Box2D/Dynamics/Joints/b2PulleyJoint.h">
      <Filter>(box2d)\Dynamics\Joints</Filter>
    </ClInclude>
    <ClInclude Include="v:/gigglingbits/box2d/Box2D/Dynamics/Joints/b2RevoluteJoint.h">
      <Filter>(box2d)\Dynamics\Joints</Filter>
    </ClInclude>
    <ClInclude Include="v:/gigglingbits/box2d/Box2D/Rope/b2Rope.h">
      <Filter>(box2d)\Rope</Filter>
    </ClInclude>
    <ClInclude Include="v:/gigglingbits/box2d/Box2D/Dynamics/Joints/b2RopeJoint.h">
      <Filter>(box2d)\Dynamics\Joints</Filter>
    </ClInclude>
    <ClInclude Include="v:/gigglingbits/box2d/Box2D/Common/b2Settings.h">
      <Filter>(box2d)\Common</Filter>
    </ClInclude>
    <ClInclude Include="v:/gigglingbits/box2d/Box2D/Collision/Shapes/b2Shape.h">
      <Filter>(box2d)\Collision\Shapes</Filter>
    </ClInclude>
    <ClInclude Include="v:/gigglingbits/box2d/Box2D/Common/b2StackAllocator.h">
      <Filter>(box2d)\Common</Filter>
    </ClInclude>
    <ClInclude Include="v:/gigglingbits/box2d/Box2D/Collision/b2TimeOfImpact.h">
      <Filter>(box2d)\Collision</Filter>
    </ClInclude>
    <ClInclude Include="v:/gigglingbits/box2d/Box2D/Dynamics/b2TimeStep.h">
      <Filter>(box2d)\Dynamics</Filter>
    </ClInclude>
    <ClInclude Include="v:/gigglingbits/box2d/Box2D/Common/b2Timer.h">
      <Filter>(box2d)\Common</Filter>
    </ClInclude>
    <ClInclude Include="v:/gigglingbits/box2d/Box2D/Dynamics/Joints/b2WeldJoint.h">
      <Filter>(box2d)\Dynamics\Joints</Filter>
    </ClInclude>
    <ClInclude Include="v:/gigglingbits/box2d/Box2D/Dynamics/Joints/b2WheelJoint.h">
      <Filter>(box2d)\Dynamics\Joints</Filter>
    </ClInclude>
    <ClInclude Include="v:/gigglingbits/box2d/Box2D/Dynamics/b2World.h">
      <Filter>(box2d)\Dynamics</Filter>
    </ClInclude>
    <ClInclude Include="v:/gigglingbits/box2d/Box2D/Dynamics/b2WorldCallbacks.h">
      <Filter>(box2d)\Dynamics</Filter>
    </ClInclude>
    <ClInclude Include="c:/marmalade/6.3/s3e/h/std/byteswap.h">
      <Filter>'Marmalade System (S3E)'\stdc headers</Filter>
    </ClInclude>
    <ClInclude Include="c:/marmalade/6.3/modules/third_party/libjpeg/h/cderror.h">
      <Filter>(libjpeg)\h</Filter>
    </ClInclude>
    <ClInclude Include="c:/marmalade/6.3/modules/third_party/libjpeg/h/cdjpeg.h">
      <Filter>(libjpeg)\h</Filter>
    </ClInclude>
    <ClInclude Include="c:/marmalade/6.3/s3e/h/std/ctype.h">
      <Filter>'Marmalade System (S3E)'\stdc headers</Filter>
    </ClInclude>
    <ClInclude Include="c:/marmalade/6.3/s3e/h/std/sys/dir.h">
      <Filter>'Marmalade System (S3E)'\stdc headers\sys</Filter>
    </ClInclude>
    <ClInclude Include="c:/marmalade/6.3/s3e/h/std/dirent.h">
      <Filter>'Marmalade System (S3E)'\stdc headers</Filter>
    </ClInclude>
    <ClInclude Include="c:/marmalade/6.3/s3e/h/std/dlfcn.h">
      <Filter>'Marmalade System (S3E)'\stdc headers</Filter>
    </ClInclude>
    <ClInclude Include="c:/marmalade/6.3/s3e/h/EGL/egl.h">
      <Filter>'Marmalade System (S3E)'\GL\EGL</Filter>
    </ClInclude>
    <ClInclude Include="c:/marmalade/6.3/s3e/h/GLES/egl.h">
      <Filter>'Marmalade System (S3E)'\GL\GLES 1.x</Filter>
    </ClInclude>
    <ClInclude Include="c:/marmalade/6.3/s3e/h/EGL/eglext.h">
      <Filter>'Marmalade System (S3E)'\GL\EGL</Filter>
    </ClInclude>
    <ClInclude Include="c:/marmalade/6.3/s3e/h/EGL/eglplatform.h">
      <Filter>'Marmalade System (S3E)'\GL\EGL</Filter>
    </ClInclude>
    <ClInclude Include="c:/marmalade/6.3/s3e/h/std/endian.h">
      <Filter>'Marmalade System (S3E)'\stdc headers</Filter>
    </ClInclude>
    <ClInclude Include="c:/marmalade/6.3/s3e/h/std/errno.h">
      <Filter>'Marmalade System (S3E)'\stdc headers</Filter>
    </ClInclude>
    <ClInclude Include="c:/marmalade/6.3/s3e/h/std/c++/exception.h">
      <Filter>'Marmalade System (S3E)'\stdc headers\c++</Filter>
    </ClInclude>
    <ClInclude Include="c:/marmalade/6.3/s3e/h/std/fcntl.h">
      <Filter>'Marmalade System (S3E)'\stdc headers</Filter>
    </ClInclude>
    <ClInclude Include="c:/marmalade/6.3/s3e/h/std/sys/file.h">
      <Filter>'Marmalade System (S3E)'\stdc headers\sys</Filter>
    </ClInclude>
    <ClInclude Include="c:/marmalade/6.3/s3e/h/std/float.h">
      <Filter>'Marmalade System (S3E)'\stdc headers</Filter>
    </ClInclude>
    <ClInclude Include="c:/marmalade/6.3/s3e/h/std/fnmatch.h">
      <Filter>'Marmalade System (S3E)'\stdc headers</Filter>
    </ClInclude>
    <ClInclude Include="c:/marmalade/6.3/s3e/h/std/c++/fstream.h">
      <Filter>'Marmalade System (S3E)'\stdc headers\c++</Filter>
    </ClInclude>
    <ClInclude Include="c:/marmalade/6.3/s3e/h/std/getopt.h">
      <Filter>'Marmalade System (S3E)'\stdc headers</Filter>
    </ClInclude>
    <ClInclude Include="c:/marmalade/6.3/s3e/h/GLES/gl.h">
      <Filter>'Marmalade System (S3E)'\GL\GLES 1.x</Filter>
    </ClInclude>
    <ClInclude Include="c:/marmalade/6.3/s3e/h/GLES2/gl2.h">
      <Filter>'Marmalade System (S3E)'\GL\GLES 2.0</Filter>
    </ClInclude>
    <ClInclude Include="c:/marmalade/6.3/s3e/h/GLES2/gl2ext.h">
      <Filter>'Marmalade System (S3E)'\GL\GLES 2.0</Filter>
    </ClInclude>
    <ClInclude Include="c:/marmalade/6.3/s3e/h/GLES2/gl2extimg.h">
      <Filter>'Marmalade System (S3E)'\GL\GLES 2.0</Filter>
    </ClInclude>
    <ClInclude Include="c:/marmalade/6.3/s3e/h/GLES2/gl2platform.h">
      <Filter>'Marmalade System (S3E)'\GL\GLES 2.0</Filter>
    </ClInclude>
    <ClInclude Include="c:/marmalade/6.3/s3e/h/GLES/glext.h">
      <Filter>'Marmalade System (S3E)'\GL\GLES 1.x</Filter>
    </ClInclude>
    <ClInclude Include="c:/marmalade/6.3/s3e/h/std/glob.h">
      <Filter>'Marmalade System (S3E)'\stdc headers</Filter>
    </ClInclude>
    <ClInclude Include="c:/marmalade/6.3/s3e/h/GLES/glplatform.h">
      <Filter>'Marmalade System (S3E)'\GL\GLES 1.x</Filter>
    </ClInclude>
    <ClInclude Include="c:/marmalade/6.3/s3e/h/std/grp.h">
      <Filter>'Marmalade System (S3E)'\stdc headers</Filter>
    </ClInclude>
    <ClInclude Include="c:/marmalade/6.3/s3e/h/std/iconv.h">
      <Filter>'Marmalade System (S3E)'\stdc headers</Filter>
    </ClInclude>
    <ClInclude Include="c:/marmalade/6.3/s3e/h/std/ifaddrs.h">
      <Filter>'Marmalade System (S3E)'\stdc headers</Filter>
    </ClInclude>
    <ClInclude Include="c:/marmalade/6.3/s3e/h/std/inttypes.h">
      <Filter>'Marmalade System (S3E)'\stdc headers</Filter>
    </ClInclude>
    <ClInclude Include="c:/marmalade/6.3/s3e/h/std/sys/ioctl.h">
      <Filter>'Marmalade System (S3E)'\stdc headers\sys</Filter>
    </ClInclude>
    <ClInclude Include="c:/marmalade/6.3/s3e/h/std/c++/iomanip.h">
      <Filter>'Marmalade System (S3E)'\stdc headers\c++</Filter>
    </ClInclude>
    <ClInclude Include="c:/marmalade/6.3/s3e/h/std/c++/ios.h">
      <Filter>'Marmalade System (S3E)'\stdc headers\c++</Filter>
    </ClInclude>
    <ClInclude Include="c:/marmalade/6.3/s3e/h/std/c++/iostream.h">
      <Filter>'Marmalade System (S3E)'\stdc headers\c++</Filter>
    </ClInclude>
    <ClInclude Include="c:/marmalade/6.3/s3e/h/std/sys/ipc.h">
      <Filter>'Marmalade System (S3E)'\stdc headers\sys</Filter>
    </ClInclude>
    <ClInclude Include="c:/marmalade/6.3/s3e/h/std/c++/istream.h">
      <Filter>'Marmalade System (S3E)'\stdc headers\c++</Filter>
    </ClInclude>
    <ClInclude Include="c:/marmalade/6.3/modules/third_party/libjpeg/h/jchuff.h">
      <Filter>(libjpeg)\h</Filter>
    </ClInclude>
    <ClInclude Include="c:/marmalade/6.3/modules/third_party/libjpeg/h/jconfig.h">
      <Filter>(libjpeg)\h</Filter>
    </ClInclude>
    <ClInclude Include="c:/marmalade/6.3/modules/third_party/libjpeg/h/jdct.h">
      <Filter>(libjpeg)\h</Filter>
    </ClInclude>
    <ClInclude Include="c:/marmalade/6.3/modules/third_party/libjpeg/h/jdhuff.h">
      <Filter>(libjpeg)\h</Filter>
    </ClInclude>
    <ClInclude Include="c:/marmalade/6.3/modules/third_party/libjpeg/h/jerror.h">
      <Filter>(libjpeg)\h</Filter>
    </ClInclude>
    <ClInclude Include="c:/marmalade/6.3/modules/third_party/libjpeg/h/jinclude.h">
      <Filter>(libjpeg)\h</Filter>
    </ClInclude>
    <ClInclude Include="c:/marmalade/6.3/modules/third_party/libjpeg/h/jmemsys.h">
      <Filter>(libjpeg)\h</Filter>
    </ClInclude>
    <ClInclude Include="c:/marmalade/6.3/modules/third_party/libjpeg/h/jmorecfg.h">
      <Filter>(libjpeg)\h</Filter>
    </ClInclude>
    <ClInclude Include="c:/marmalade/6.3/modules/third_party/libjpeg/h/jpegint.h">
      <Filter>(libjpeg)\h</Filter>
    </ClInclude>
    <ClInclude Include="c:/marmalade/6.3/modules/third_party/libjpeg/h/jpeglib.h">
      <Filter>(libjpeg)\h</Filter>
    </ClInclude>
    <ClInclude Include="c:/marmalade/6.3/modules/third_party/libjpeg/h/jversion.h">
      <Filter>(libjpeg)\h</Filter>
    </ClInclude>
    <ClInclude Include="c:/marmalade/6.3/s3e/h/std/langinfo.h">
      <Filter>'Marmalade System (S3E)'\stdc headers</Filter>
    </ClInclude>
    <ClInclude Include="c:/marmalade/6.3/s3e/h/std/libgen.h">
      <Filter>'Marmalade System (S3E)'\stdc headers</Filter>
    </ClInclude>
    <ClInclude Include="c:/marmalade/6.3/s3e/h/std/limits.h">
      <Filter>'Marmalade System (S3E)'\stdc headers</Filter>
    </ClInclude>
    <ClInclude Include="c:/marmalade/6.3/s3e/h/std/locale.h">
      <Filter>'Marmalade System (S3E)'\stdc headers</Filter>
    </ClInclude>
    <ClInclude Include="c:/marmalade/6.3/s3e/h/std/malloc.h">
      <Filter>'Marmalade System (S3E)'\stdc headers</Filter>
    </ClInclude>
    <ClInclude Include="c:/marmalade/6.3/s3e/h/std/math.h">
      <Filter>'Marmalade System (S3E)'\stdc headers</Filter>
    </ClInclude>
    <ClInclude Include="c:/marmalade/6.3/s3e/h/std/math_gcc.h">
      <Filter>'Marmalade System (S3E)'\stdc headers</Filter>
    </ClInclude>
    <ClInclude Include="c:/marmalade/6.3/s3e/h/std/math_rvct.h">
      <Filter>'Marmalade System (S3E)'\stdc headers</Filter>
    </ClInclude>
    <ClInclude Include="c:/marmalade/6.3/s3e/h/std/c++/mem.h">
      <Filter>'Marmalade System (S3E)'\stdc headers\c++</Filter>
    </ClInclude>
    <ClInclude Include="c:/marmalade/6.3/s3e/h/std/memory.h">
      <Filter>'Marmalade System (S3E)'\stdc headers</Filter>
    </ClInclude>
    <ClInclude Include="c:/marmalade/6.3/s3e/h/std/sys/mman.h">
      <Filter>'Marmalade System (S3E)'\stdc headers\sys</Filter>
    </ClInclude>
    <ClInclude Include="c:/marmalade/6.3/s3e/h/std/c++/msl_string.h">
      <Filter>'Marmalade System (S3E)'\stdc headers\c++</Filter>
    </ClInclude>
    <ClInclude Include="c:/marmalade/6.3/s3e/h/std/netdb.h">
      <Filter>'Marmalade System (S3E)'\stdc headers</Filter>
    </ClInclude>
    <ClInclude Include="c:/marmalade/6.3/s3e/h/std/c++/new.h">
      <Filter>'Marmalade System (S3E)'\stdc headers\c++</Filter>
    </ClInclude>
    <ClInclude Include="c:/marmalade/6.3/s3e/h/std/c++/ostream.h">
      <Filter>'Marmalade System (S3E)'\stdc headers\c++</Filter>
    </ClInclude>
    <ClInclude Include="c:/marmalade/6.3/s3e/h/std/sys/param.h">
      <Filter>'Marmalade System (S3E)'\stdc headers\sys</Filter>
    </ClInclude>
    <ClInclude Include="c:/marmalade/6.3/modules/third_party/libpng/h/png.h">
      <Filter>(libpng)\h</Filter>
    </ClInclude>
    <ClInclude Include="c:/marmalade/6.3/modules/third_party/libpng/h/pngconf.h">
      <Filter>(libpng)\h</Filter>
    </ClInclude>
    <ClInclude Include="c:/marmalade/6.3/s3e/h/std/poll.h">
      <Filter>'Marmalade System (S3E)'\stdc headers</Filter>
    </ClInclude>
    <ClInclude Include="c:/marmalade/6.3/s3e/h/std/sys/poll.h">
      <Filter>'Marmalade System (S3E)'\stdc headers\sys</Filter>
    </ClInclude>
    <ClInclude Include="c:/marmalade/6.3/s3e/h/std/sys/prctl.h">
      <Filter>'Marmalade System (S3E)'\stdc headers\sys</Filter>
    </ClInclude>
    <ClInclude Include="c:/marmalade/6.3/s3e/h/std/pthread.h">
      <Filter>'Marmalade System (S3E)'\stdc headers</Filter>
    </ClInclude>
    <ClInclude Include="c:/marmalade/6.3/s3e/h/std/c++/pthread.h">
      <Filter>'Marmalade System (S3E)'\stdc headers\c++</Filter>
    </ClInclude>
    <ClInclude Include="c:/marmalade/6.3/s3e/h/std/pthread_types.h">
      <Filter>'Marmalade System (S3E)'\stdc headers</Filter>
    </ClInclude>
    <ClInclude Include="c:/marmalade/6.3/s3e/h/std/pwd.h">
      <Filter>'Marmalade System (S3E)'\stdc headers</Filter>
    </ClInclude>
    <ClInclude Include="c:/marmalade/6.3/s3e/h/std/sys/resource.h">
      <Filter>'Marmalade System (S3E)'\stdc headers\sys</Filter>
    </ClInclude>
    <ClInclude Include="c:/marmalade/6.3/s3e/h/std/c++/rlocks.h">
      <Filter>'Marmalade System (S3E)'\stdc headers\c++</Filter>
    </ClInclude>
    <ClInclude Include="c:/marmalade/6.3/s3e/h/s3e.h">
      <Filter>'Marmalade System (S3E)'</Filter>
    </ClInclude>
    <ClInclude Include="c:/marmalade/6.3/s3e/h/s3eAccelerometer.h">
      <Filter>'Marmalade System (S3E)'</Filter>
    </ClInclude>
    <ClInclude Include="c:/marmalade/6.3/s3e/h/ext/s3eAndroidJNI.h">
      <Filter>'Marmalade System (S3E)'\Extensions</Filter>
    </ClInclude>
    <ClInclude Include="c:/marmalade/6.3/s3e/h/s3eAudio.h">
      <Filter>'Marmalade System (S3E)'</Filter>
    </ClInclude>
    <ClInclude Include="c:/marmalade/6.3/s3e/h/s3eCamera.h">
      <Filter>'Marmalade System (S3E)'</Filter>
    </ClInclude>
    <ClInclude Include="c:/marmalade/6.3/s3e/h/ext/s3eCameraCapture.h">
      <Filter>'Marmalade System (S3E)'\Extensions</Filter>
    </ClInclude>
    <ClInclude Include="c:/marmalade/6.3/s3e/h/s3eClipboard.h">
      <Filter>'Marmalade System (S3E)'</Filter>
    </ClInclude>
    <ClInclude Include="c:/marmalade/6.3/s3e/h/s3eCompass.h">
      <Filter>'Marmalade System (S3E)'</Filter>
    </ClInclude>
    <ClInclude Include="c:/marmalade/6.3/s3e/h/s3eCompression.h">
      <Filter>'Marmalade System (S3E)'</Filter>
    </ClInclude>
    <ClInclude Include="c:/marmalade/6.3/s3e/h/s3eConfig.h">
      <Filter>'Marmalade System (S3E)'</Filter>
    </ClInclude>
    <ClInclude Include="c:/marmalade/6.3/s3e/h/s3eContacts.h">
      <Filter>'Marmalade System (S3E)'</Filter>
    </ClInclude>
    <ClInclude Include="c:/marmalade/6.3/s3e/h/s3eCrypto.h">
      <Filter>'Marmalade System (S3E)'</Filter>
    </ClInclude>
    <ClInclude Include="c:/marmalade/6.3/s3e/h/s3eDebug.h">
      <Filter>'Marmalade System (S3E)'</Filter>
    </ClInclude>
    <ClInclude Include="c:/marmalade/6.3/s3e/h/s3eDevice.h">
      <Filter>'Marmalade System (S3E)'</Filter>
    </ClInclude>
    <ClInclude Include="c:/marmalade/6.3/s3e/h/ext/s3eEMail.h">
      <Filter>'Marmalade System (S3E)'\Extensions</Filter>
    </ClInclude>
    <ClInclude Include="c:/marmalade/6.3/s3e/h/s3eExt.h">
      <Filter>'Marmalade System (S3E)'</Filter>
    </ClInclude>
    <ClInclude Include="c:/marmalade/6.3/s3e/h/s3eFile.h">
      <Filter>'Marmalade System (S3E)'</Filter>
    </ClInclude>
    <ClInclude Include="c:/marmalade/6.3/s3e/h/s3eGL.h">
      <Filter>'Marmalade System (S3E)'</Filter>
    </ClInclude>
    <ClInclude Include="c:/marmalade/6.3/s3e/h/s3eHash.h">
      <Filter>'Marmalade System (S3E)'</Filter>
    </ClInclude>
    <ClInclude Include="c:/marmalade/6.3/s3e/h/ext/s3eIOSBackgroundAudio.h">
      <Filter>'Marmalade System (S3E)'\Extensions</Filter>
    </ClInclude>
    <ClInclude Include="c:/marmalade/6.3/s3e/h/ext/s3eImagePicker.h">
      <Filter>'Marmalade System (S3E)'\Extensions</Filter>
    </ClInclude>
    <ClInclude Include="c:/marmalade/6.3/s3e/h/s3eKeyboard.h">
      <Filter>'Marmalade System (S3E)'</Filter>
    </ClInclude>
    <ClInclude Include="c:/marmalade/6.3/s3e/h/ext/s3eLibrary.h">
      <Filter>'Marmalade System (S3E)'\Extensions</Filter>
    </ClInclude>
    <ClInclude Include="c:/marmalade/6.3/s3e/h/s3eLicense.h">
      <Filter>'Marmalade System (S3E)'</Filter>
    </ClInclude>
    <ClInclude Include="c:/marmalade/6.3/s3e/h/s3eLocation.h">
      <Filter>'Marmalade System (S3E)'</Filter>
    </ClInclude>
    <ClInclude Include="c:/marmalade/6.3/s3e/h/s3eMemory.h">
      <Filter>'Marmalade System (S3E)'</Filter>
    </ClInclude>
    <ClInclude Include="c:/marmalade/6.3/s3e/h/ext/s3eMetrics.h">
      <Filter>'Marmalade System (S3E)'\Extensions</Filter>
    </ClInclude>
    <ClInclude Include="c:/marmalade/6.3/s3e/h/ext/s3eOSExec.h">
      <Filter>'Marmalade System (S3E)'\Extensions</Filter>
    </ClInclude>
    <ClInclude Include="c:/marmalade/6.3/s3e/h/ext/s3eOSReadString.h">
      <Filter>'Marmalade System (S3E)'\Extensions</Filter>
    </ClInclude>
    <ClInclude Include="c:/marmalade/6.3/s3e/h/s3ePointer.h">
      <Filter>'Marmalade System (S3E)'</Filter>
    </ClInclude>
    <ClInclude Include="c:/marmalade/6.3/s3e/h/ext/s3eSMS.h">
      <Filter>'Marmalade System (S3E)'\Extensions</Filter>
    </ClInclude>
    <ClInclude Include="c:/marmalade/6.3/s3e/h/s3eSecureStorage.h">
      <Filter>'Marmalade System (S3E)'</Filter>
    </ClInclude>
    <ClInclude Include="c:/marmalade/6.3/s3e/h/s3eSocket.h">
      <Filter>'Marmalade System (S3E)'</Filter>
    </ClInclude>
    <ClInclude Include="c:/marmalade/6.3/s3e/h/s3eSound.h">
      <Filter>'Marmalade System (S3E)'</Filter>
    </ClInclude>
    <ClInclude Include="c:/marmalade/6.3/s3e/h/s3eSoundRecord.h">
      <Filter>'Marmalade System (S3E)'</Filter>
    </ClInclude>
    <ClInclude Include="c:/marmalade/6.3/s3e/h/s3eSurface.h">
      <Filter>'Marmalade System (S3E)'</Filter>
    </ClInclude>
    <ClInclude Include="c:/marmalade/6.3/s3e/h/s3eThread.h">
      <Filter>'Marmalade System (S3E)'</Filter>
    </ClInclude>
    <ClInclude Include="c:/marmalade/6.3/s3e/h/s3eTimer.h">
      <Filter>'Marmalade System (S3E)'</Filter>
    </ClInclude>
    <ClInclude Include="c:/marmalade/6.3/s3e/h/s3eTypes.h">
      <Filter>'Marmalade System (S3E)'</Filter>
    </ClInclude>
    <ClInclude Include="c:/marmalade/6.3/s3e/h/s3eVersion.h">
      <Filter>'Marmalade System (S3E)'</Filter>
    </ClInclude>
    <ClInclude Include="c:/marmalade/6.3/s3e/h/s3eVibra.h">
      <Filter>'Marmalade System (S3E)'</Filter>
    </ClInclude>
    <ClInclude Include="c:/marmalade/6.3/s3e/h/s3eVideo.h">
      <Filter>'Marmalade System (S3E)'</Filter>
    </ClInclude>
    <ClInclude Include="c:/marmalade/6.3/s3e/h/ext/s3eWindow.h">
      <Filter>'Marmalade System (S3E)'\Extensions</Filter>
    </ClInclude>
    <ClInclude Include="c:/marmalade/6.3/s3e/h/ext/s3edebugHeap.h">
      <Filter>'Marmalade System (S3E)'\Extensions</Filter>
    </ClInclude>
    <ClInclude Include="c:/marmalade/6.3/s3e/h/std/sched.h">
      <Filter>'Marmalade System (S3E)'\stdc headers</Filter>
    </ClInclude>
    <ClInclude Include="c:/marmalade/6.3/s3e/h/std/sys/select.h">
      <Filter>'Marmalade System (S3E)'\stdc headers\sys</Filter>
    </ClInclude>
    <ClInclude Include="c:/marmalade/6.3/s3e/h/std/sys/sem.h">
      <Filter>'Marmalade System (S3E)'\stdc headers\sys</Filter>
    </ClInclude>
    <ClInclude Include="c:/marmalade/6.3/s3e/h/std/semaphore.h">
      <Filter>'Marmalade System (S3E)'\stdc headers</Filter>
    </ClInclude>
    <ClInclude Include="c:/marmalade/6.3/s3e/h/std/sys/sendfile.h">
      <Filter>'Marmalade System (S3E)'\stdc headers\sys</Filter>
    </ClInclude>
    <ClInclude Include="c:/marmalade/6.3/s3e/h/std/setjmp.h">
      <Filter>'Marmalade System (S3E)'\stdc headers</Filter>
    </ClInclude>
    <ClInclude Include="c:/marmalade/6.3/s3e/h/std/setjmp_win32.h">
      <Filter>'Marmalade System (S3E)'\stdc headers</Filter>
    </ClInclude>
    <ClInclude Include="c:/marmalade/6.3/s3e/h/std/sys/shm.h">
      <Filter>'Marmalade System (S3E)'\stdc headers\sys</Filter>
    </ClInclude>
    <ClInclude Include="c:/marmalade/6.3/s3e/h/std/sigcontext.h">
      <Filter>'Marmalade System (S3E)'\stdc headers</Filter>
    </ClInclude>
    <ClInclude Include="c:/marmalade/6.3/s3e/h/std/signal.h">
      <Filter>'Marmalade System (S3E)'\stdc headers</Filter>
    </ClInclude>
    <ClInclude Include="c:/marmalade/6.3/s3e/h/std/sys/signal.h">
      <Filter>'Marmalade System (S3E)'\stdc headers\sys</Filter>
    </ClInclude>
    <ClInclude Include="c:/marmalade/6.3/s3e/h/std/c++/signal.h">
      <Filter>'Marmalade System (S3E)'\stdc headers\c++</Filter>
    </ClInclude>
    <ClInclude Include="c:/marmalade/6.3/s3e/h/std/sys/socket.h">
      <Filter>'Marmalade System (S3E)'\stdc headers\sys</Filter>
    </ClInclude>
    <ClInclude Include="c:/marmalade/6.3/s3e/h/std/sys/stat.h">
      <Filter>'Marmalade System (S3E)'\stdc headers\sys</Filter>
    </ClInclude>
    <ClInclude Include="c:/marmalade/6.3/s3e/h/std/stdarg.h">
      <Filter>'Marmalade System (S3E)'\stdc headers</Filter>
    </ClInclude>
    <ClInclude Include="c:/marmalade/6.3/s3e/h/std/stdbool.h">
      <Filter>'Marmalade System (S3E)'\stdc headers</Filter>
    </ClInclude>
    <ClInclude Include="c:/marmalade/6.3/s3e/h/std/stddef.h">
      <Filter>'Marmalade System (S3E)'\stdc headers</Filter>
    </ClInclude>
    <ClInclude Include="c:/marmalade/6.3/s3e/h/std/stdint.h">
      <Filter>'Marmalade System (S3E)'\stdc headers</Filter>
    </ClInclude>
    <ClInclude Include="c:/marmalade/6.3/s3e/h/std/stdio.h">
      <Filter>'Marmalade System (S3E)'\stdc headers</Filter>
    </ClInclude>
    <ClInclude Include="c:/marmalade/6.3/s3e/h/std/c++/stdiostream.h">
      <Filter>'Marmalade System (S3E)'\stdc headers\c++</Filter>
    </ClInclude>
    <ClInclude Include="c:/marmalade/6.3/s3e/h/std/stdlib.h">
      <Filter>'Marmalade System (S3E)'\stdc headers</Filter>
    </ClInclude>
    <ClInclude Include="c:/marmalade/6.3/s3e/h/std/c++/stl_user_config.h">
      <Filter>'Marmalade System (S3E)'\stdc headers\c++</Filter>
    </ClInclude>
    <ClInclude Include="c:/marmalade/6.3/s3e/h/std/c++/streambuf.h">
      <Filter>'Marmalade System (S3E)'\stdc headers\c++</Filter>
    </ClInclude>
    <ClInclude Include="c:/marmalade/6.3/s3e/h/std/string.h">
      <Filter>'Marmalade System (S3E)'\stdc headers</Filter>
    </ClInclude>
    <ClInclude Include="c:/marmalade/6.3/s3e/h/std/strings.h">
      <Filter>'Marmalade System (S3E)'\stdc headers</Filter>
    </ClInclude>
    <ClInclude Include="c:/marmalade/6.3/s3e/h/std/c++/strstream.h">
      <Filter>'Marmalade System (S3E)'\stdc headers\c++</Filter>
    </ClInclude>
    <ClInclude Include="c:/marmalade/6.3/s3e/h/std/syslog.h">
      <Filter>'Marmalade System (S3E)'\stdc headers</Filter>
    </ClInclude>
    <ClInclude Include="c:/marmalade/6.3/s3e/h/std/termios.h">
      <Filter>'Marmalade System (S3E)'\stdc headers</Filter>
    </ClInclude>
    <ClInclude Include="c:/marmalade/6.3/s3e/h/std/time.h">
      <Filter>'Marmalade System (S3E)'\stdc headers</Filter>
    </ClInclude>
    <ClInclude Include="c:/marmalade/6.3/s3e/h/std/sys/time.h">
      <Filter>'Marmalade System (S3E)'\stdc headers\sys</Filter>
    </ClInclude>
    <ClInclude Include="c:/marmalade/6.3/s3e/h/std/sys/times.h">
      <Filter>'Marmalade System (S3E)'\stdc headers\sys</Filter>
    </ClInclude>
    <ClInclude Include="c:/marmalade/6.3/modules/third_party/tiniconv/source/tiniconv.h">
      <Filter>(tiniconv)</Filter>
    </ClInclude>
    <ClInclude Include="c:/marmalade/6.3/modules/third_party/tiniconv/source/tiniconv_int.h">
      <Filter>(tiniconv)</Filter>
    </ClInclude>
    <ClInclude Include="c:/marmalade/6.3/modules/third_party/libjpeg/h/transupp.h">
      <Filter>(libjpeg)\h</Filter>
    </ClInclude>
    <ClInclude Include="c:/marmalade/6.3/s3e/h/std/c++/type_traits.h">
      <Filter>'Marmalade System (S3E)'\stdc headers\c++</Filter>
    </ClInclude>
    <ClInclude Include="c:/marmalade/6.3/s3e/h/std/c++/typeinfo.h">
      <Filter>'Marmalade System (S3E)'\stdc headers\c++</Filter>
    </ClInclude>
    <ClInclude Include="c:/marmalade/6.3/s3e/h/std/sys/types.h">
      <Filter>'Marmalade System (S3E)'\stdc headers\sys</Filter>
    </ClInclude>
    <ClInclude Include="c:/marmalade/6.3/s3e/h/std/ucontext.h">
      <Filter>'Marmalade System (S3E)'\stdc headers</Filter>
    </ClInclude>
    <ClInclude Include="c:/marmalade/6.3/s3e/h/std/sys/uio.h">
      <Filter>'Marmalade System (S3E)'\stdc headers\sys</Filter>
    </ClInclude>
    <ClInclude Include="c:/marmalade/6.3/s3e/h/std/sys/un.h">
      <Filter>'Marmalade System (S3E)'\stdc headers\sys</Filter>
    </ClInclude>
    <ClInclude Include="c:/marmalade/6.3/s3e/h/std/unistd.h">
      <Filter>'Marmalade System (S3E)'\stdc headers</Filter>
    </ClInclude>
    <ClInclude Include="c:/marmalade/6.3/s3e/h/std/utime.h">
      <Filter>'Marmalade System (S3E)'\stdc headers</Filter>
    </ClInclude>
    <ClInclude Include="c:/marmalade/6.3/s3e/h/std/sys/utsname.h">
      <Filter>'Marmalade System (S3E)'\stdc headers\sys</Filter>
    </ClInclude>
    <ClInclude Include="c:/marmalade/6.3/s3e/h/std/sys/wait.h">
      <Filter>'Marmalade System (S3E)'\stdc headers\sys</Filter>
    </ClInclude>
    <ClInclude Include="c:/marmalade/6.3/s3e/h/std/wchar.h">
      <Filter>'Marmalade System (S3E)'\stdc headers</Filter>
    </ClInclude>
    <ClInclude Include="c:/marmalade/6.3/s3e/h/std/wctype.h">
      <Filter>'Marmalade System (S3E)'\stdc headers</Filter>
    </ClInclude>
    <ClInclude Include="c:/marmalade/6.3/modules/third_party/zlib/h/zconf.h">
      <Filter>(zlib)\h</Filter>
    </ClInclude>
    <ClInclude Include="c:/marmalade/6.3/modules/third_party/zlib/h/zlib.h">
      <Filter>(zlib)\h</Filter>
    </ClInclude>
  </ItemGroup>
  <ItemGroup>
    <ClCompile Include="c:/marmalade/6.3/examples/examplescore/ExamplesMain.cpp">
      <Filter>(ExamplesCore)</Filter>
    </ClCompile>
    <ClCompile Include="v:/GigglingBits/box2d/HeyBox2D/HeyBox2D.cpp">
      <Filter></Filter>
    </ClCompile>
    <ClCompile Include="v:/gigglingbits/box2d/Box2D/Common/b2BlockAllocator.cpp">
      <Filter>(box2d)\Common</Filter>
    </ClCompile>
    <ClCompile Include="v:/gigglingbits/box2d/Box2D/Dynamics/b2Body.cpp">
      <Filter>(box2d)\Dynamics</Filter>
    </ClCompile>
    <ClCompile Include="v:/gigglingbits/box2d/Box2D/Collision/b2BroadPhase.cpp">
      <Filter>(box2d)\Collision</Filter>
    </ClCompile>
    <ClCompile Include="v:/gigglingbits/box2d/Box2D/Dynamics/Contacts/b2ChainAndCircleContact.cpp">
      <Filter>(box2d)\Dynamics\Contacts</Filter>
    </ClCompile>
    <ClCompile Include="v:/gigglingbits/box2d/Box2D/Dynamics/Contacts/b2ChainAndPolygonContact.cpp">
      <Filter>(box2d)\Dynamics\Contacts</Filter>
    </ClCompile>
    <ClCompile Include="v:/gigglingbits/box2d/Box2D/Collision/Shapes/b2ChainShape.cpp">
      <Filter>(box2d)\Collision\Shapes</Filter>
    </ClCompile>
    <ClCompile Include="v:/gigglingbits/box2d/Box2D/Dynamics/Contacts/b2CircleContact.cpp">
      <Filter>(box2d)\Dynamics\Contacts</Filter>
    </ClCompile>
    <ClCompile Include="v:/gigglingbits/box2d/Box2D/Collision/Shapes/b2CircleShape.cpp">
      <Filter>(box2d)\Collision\Shapes</Filter>
    </ClCompile>
    <ClCompile Include="v:/gigglingbits/box2d/Box2D/Collision/b2CollideCircle.cpp">
      <Filter>(box2d)\Collision</Filter>
    </ClCompile>
    <ClCompile Include="v:/gigglingbits/box2d/Box2D/Collision/b2CollideEdge.cpp">
      <Filter>(box2d)\Collision</Filter>
    </ClCompile>
    <ClCompile Include="v:/gigglingbits/box2d/Box2D/Collision/b2CollidePolygon.cpp">
      <Filter>(box2d)\Collision</Filter>
    </ClCompile>
    <ClCompile Include="v:/gigglingbits/box2d/Box2D/Collision/b2Collision.cpp">
      <Filter>(box2d)\Collision</Filter>
    </ClCompile>
    <ClCompile Include="v:/gigglingbits/box2d/Box2D/Dynamics/Contacts/b2Contact.cpp">
      <Filter>(box2d)\Dynamics\Contacts</Filter>
    </ClCompile>
    <ClCompile Include="v:/gigglingbits/box2d/Box2D/Dynamics/b2ContactManager.cpp">
      <Filter>(box2d)\Dynamics</Filter>
    </ClCompile>
    <ClCompile Include="v:/gigglingbits/box2d/Box2D/Dynamics/Contacts/b2ContactSolver.cpp">
      <Filter>(box2d)\Dynamics\Contacts</Filter>
    </ClCompile>
    <ClCompile Include="v:/gigglingbits/box2d/Box2D/Collision/b2Distance.cpp">
      <Filter>(box2d)\Collision</Filter>
    </ClCompile>
    <ClCompile Include="v:/gigglingbits/box2d/Box2D/Dynamics/Joints/b2DistanceJoint.cpp">
      <Filter>(box2d)\Dynamics\Joints</Filter>
    </ClCompile>
    <ClCompile Include="v:/gigglingbits/box2d/Box2D/Common/b2Draw.cpp">
      <Filter>(box2d)\Common</Filter>
    </ClCompile>
    <ClCompile Include="v:/gigglingbits/box2d/Box2D/Collision/b2DynamicTree.cpp">
      <Filter>(box2d)\Collision</Filter>
    </ClCompile>
    <ClCompile Include="v:/gigglingbits/box2d/Box2D/Dynamics/Contacts/b2EdgeAndCircleContact.cpp">
      <Filter>(box2d)\Dynamics\Contacts</Filter>
    </ClCompile>
    <ClCompile Include="v:/gigglingbits/box2d/Box2D/Dynamics/Contacts/b2EdgeAndPolygonContact.cpp">
      <Filter>(box2d)\Dynamics\Contacts</Filter>
    </ClCompile>
    <ClCompile Include="v:/gigglingbits/box2d/Box2D/Collision/Shapes/b2EdgeShape.cpp">
      <Filter>(box2d)\Collision\Shapes</Filter>
    </ClCompile>
    <ClCompile Include="v:/gigglingbits/box2d/Box2D/Dynamics/b2Fixture.cpp">
      <Filter>(box2d)\Dynamics</Filter>
    </ClCompile>
    <ClCompile Include="v:/gigglingbits/box2d/Box2D/Dynamics/Joints/b2FrictionJoint.cpp">
      <Filter>(box2d)\Dynamics\Joints</Filter>
    </ClCompile>
    <ClCompile Include="v:/gigglingbits/box2d/Box2D/Dynamics/Joints/b2GearJoint.cpp">
      <Filter>(box2d)\Dynamics\Joints</Filter>
    </ClCompile>
    <ClCompile Include="v:/gigglingbits/box2d/Box2D/Dynamics/b2Island.cpp">
      <Filter>(box2d)\Dynamics</Filter>
    </ClCompile>
    <ClCompile Include="v:/gigglingbits/box2d/Box2D/Dynamics/Joints/b2Joint.cpp">
      <Filter>(box2d)\Dynamics\Joints</Filter>
    </ClCompile>
    <ClCompile Include="v:/gigglingbits/box2d/Box2D/Common/b2Math.cpp">
      <Filter>(box2d)\Common</Filter>
    </ClCompile>
    <ClCompile Include="v:/gigglingbits/box2d/Box2D/Dynamics/Joints/b2MotorJoint.cpp">
      <Filter>(box2d)\Dynamics\Joints</Filter>
    </ClCompile>
    <ClCompile Include="v:/gigglingbits/box2d/Box2D/Dynamics/Joints/b2MouseJoint.cpp">
      <Filter>(box2d)\Dynamics\Joints</Filter>
    </ClCompile>
    <ClCompile Include="v:/gigglingbits/box2d/Box2D/Dynamics/Contacts/b2PolygonAndCircleContact.cpp">
      <Filter>(box2d)\Dynamics\Contacts</Filter>
    </ClCompile>
    <ClCompile Include="v:/gigglingbits/box2d/Box2D/Dynamics/Contacts/b2PolygonContact.cpp">
      <Filter>(box2d)\Dynamics\Contacts</Filter>
    </ClCompile>
    <ClCompile Include="v:/gigglingbits/box2d/Box2D/Collision/Shapes/b2PolygonShape.cpp">
      <Filter>(box2d)\Collision\Shapes</Filter>
    </ClCompile>
    <ClCompile Include="v:/gigglingbits/box2d/Box2D/Dynamics/Joints/b2PrismaticJoint.cpp">
      <Filter>(box2d)\Dynamics\Joints</Filter>
    </ClCompile>
    <ClCompile Include="v:/gigglingbits/box2d/Box2D/Dynamics/Joints/b2PulleyJoint.cpp">
      <Filter>(box2d)\Dynamics\Joints</Filter>
    </ClCompile>
    <ClCompile Include="v:/gigglingbits/box2d/Box2D/Dynamics/Joints/b2RevoluteJoint.cpp">
      <Filter>(box2d)\Dynamics\Joints</Filter>
    </ClCompile>
    <ClCompile Include="v:/gigglingbits/box2d/Box2D/Rope/b2Rope.cpp">
      <Filter>(box2d)\Rope</Filter>
    </ClCompile>
    <ClCompile Include="v:/gigglingbits/box2d/Box2D/Dynamics/Joints/b2RopeJoint.cpp">
      <Filter>(box2d)\Dynamics\Joints</Filter>
    </ClCompile>
    <ClCompile Include="v:/gigglingbits/box2d/Box2D/Common/b2Settings.cpp">
      <Filter>(box2d)\Common</Filter>
    </ClCompile>
    <ClCompile Include="v:/gigglingbits/box2d/Box2D/Common/b2StackAllocator.cpp">
      <Filter>(box2d)\Common</Filter>
    </ClCompile>
    <ClCompile Include="v:/gigglingbits/box2d/Box2D/Collision/b2TimeOfImpact.cpp">
      <Filter>(box2d)\Collision</Filter>
    </ClCompile>
    <ClCompile Include="v:/gigglingbits/box2d/Box2D/Common/b2Timer.cpp">
      <Filter>(box2d)\Common</Filter>
    </ClCompile>
    <ClCompile Include="v:/gigglingbits/box2d/Box2D/Dynamics/Joints/b2WeldJoint.cpp">
      <Filter>(box2d)\Dynamics\Joints</Filter>
    </ClCompile>
    <ClCompile Include="v:/gigglingbits/box2d/Box2D/Dynamics/Joints/b2WheelJoint.cpp">
      <Filter>(box2d)\Dynamics\Joints</Filter>
    </ClCompile>
    <ClCompile Include="v:/gigglingbits/box2d/Box2D/Dynamics/b2World.cpp">
      <Filter>(box2d)\Dynamics</Filter>
    </ClCompile>
    <ClCompile Include="v:/gigglingbits/box2d/Box2D/Dynamics/b2WorldCallbacks.cpp">
      <Filter>(box2d)\Dynamics</Filter>
    </ClCompile>
  </ItemGroup>
</Project>
